// !$*UTF8*$!
{
	archiveVersion = 1;
	classes = {
	};
	objectVersion = 56;
	objects = {

/* Begin PBXBuildFile section */
		43745204193D163800654986 /* GameScene.swift in Sources */ = {isa = PBXBuildFile; fileRef = 43745203193D163800654986 /* GameScene.swift */; };
		4374520B193D163800654986 /* Images.xcassets in Resources */ = {isa = PBXBuildFile; fileRef = 4374520A193D163800654986 /* Images.xcassets */; };
		AA100001000000000000AA01 /* FlappyMacBookApp.swift in Sources */ = {isa = PBXBuildFile; fileRef = AA000001000000000000AA01 /* FlappyMacBookApp.swift */; };
		AA100002000000000000AA02 /* ContentView.swift in Sources */ = {isa = PBXBuildFile; fileRef = AA000002000000000000AA02 /* ContentView.swift */; };
		AA100003000000000000AA03 /* LidAngleController.swift in Sources */ = {isa = PBXBuildFile; fileRef = AA000003000000000000AA03 /* LidAngleController.swift */; };
		EE000001000000000000EE01 /* AppleSiliconSensor in Frameworks */ = {isa = PBXBuildFile; productRef = DD000001000000000000DD01 /* AppleSiliconSensor */; };
		FF000001000000000000FF01 /* bird.atlas in Resources */ = {isa = PBXBuildFile; fileRef = FF000002000000000000FF02 /* bird.atlas */; };
/* End PBXBuildFile section */

/* Begin PBXFileReference section */
		437451FA193D163700654986 /* FlappyBird.app */ = {isa = PBXFileReference; explicitFileType = wrapper.application; includeInIndex = 0; path = FlappyBird.app; sourceTree = BUILT_PRODUCTS_DIR; };
		437451FE193D163700654986 /* Info.plist */ = {isa = PBXFileReference; lastKnownFileType = text.plist.xml; path = Info.plist; sourceTree = "<group>"; };
		43745203193D163800654986 /* GameScene.swift */ = {isa = PBXFileReference; lastKnownFileType = sourcecode.swift; path = GameScene.swift; sourceTree = "<group>"; };
		4374520A193D163800654986 /* Images.xcassets */ = {isa = PBXFileReference; lastKnownFileType = folder.assetcatalog; path = Images.xcassets; sourceTree = "<group>"; };
		AA000001000000000000AA01 /* FlappyMacBookApp.swift */ = {isa = PBXFileReference; lastKnownFileType = sourcecode.swift; path = FlappyMacBookApp.swift; sourceTree = "<group>"; };
		AA000002000000000000AA02 /* ContentView.swift */ = {isa = PBXFileReference; lastKnownFileType = sourcecode.swift; path = ContentView.swift; sourceTree = "<group>"; };
		AA000003000000000000AA03 /* LidAngleController.swift */ = {isa = PBXFileReference; lastKnownFileType = sourcecode.swift; path = LidAngleController.swift; sourceTree = "<group>"; };
		FF000002000000000000FF02 /* bird.atlas */ = {isa = PBXFileReference; lastKnownFileType = folder.skatlas; path = bird.atlas; sourceTree = "<group>"; };
/* End PBXFileReference section */

/* Begin PBXFrameworksBuildPhase section */
		437451F7193D163700654986 /* Frameworks */ = {
			isa = PBXFrameworksBuildPhase;
			buildActionMask = 2147483647;
			files = (
				EE000001000000000000EE01 /* AppleSiliconSensor in Frameworks */,
			);
			runOnlyForDeploymentPostprocessing = 0;
		};
/* End PBXFrameworksBuildPhase section */

/* Begin PBXGroup section */
		437451F1193D163700654986 = {
			isa = PBXGroup;
			children = (
				437451FC193D163700654986 /* FlappyBird */,
				437451FB193D163700654986 /* Products */,
			);
			sourceTree = "<group>";
		};
		437451FB193D163700654986 /* Products */ = {
			isa = PBXGroup;
			children = (
				437451FA193D163700654986 /* FlappyBird.app */,
			);
			name = Products;
			sourceTree = "<group>";
		};
		437451FC193D163700654986 /* FlappyBird */ = {
			isa = PBXGroup;
			children = (
				AA000001000000000000AA01 /* FlappyMacBookApp.swift */,
				AA000002000000000000AA02 /* ContentView.swift */,
				43745203193D163800654986 /* GameScene.swift */,
				AA000003000000000000AA03 /* LidAngleController.swift */,
				4374520A193D163800654986 /* Images.xcassets */,
				FF000002000000000000FF02 /* bird.atlas */,
				437451FD193D163700654986 /* Supporting Files */,
			);
			path = FlappyBird;
			sourceTree = "<group>";
		};
		437451FD193D163700654986 /* Supporting Files */ = {
			isa = PBXGroup;
			children = (
				437451FE193D163700654986 /* Info.plist */,
			);
			name = "Supporting Files";
			sourceTree = "<group>";
		};
/* End PBXGroup section */

/* Begin PBXNativeTarget section */
		437451F9193D163700654986 /* FlappyBird */ = {
			isa = PBXNativeTarget;
			buildConfigurationList = 4374521A193D163800654986 /* Build configuration list for PBXNativeTarget "FlappyBird" */;
			buildPhases = (
				437451F6193D163700654986 /* Sources */,
				437451F7193D163700654986 /* Frameworks */,
				437451F8193D163700654986 /* Resources */,
			);
			buildRules = (
			);
			dependencies = (
			);
			name = FlappyBird;
			packageProductDependencies = (
				DD000001000000000000DD01 /* AppleSiliconSensor */,
			);
			productName = FlappyBird;
			productReference = 437451FA193D163700654986 /* FlappyBird.app */;
			productType = "com.apple.product-type.application";
		};
/* End PBXNativeTarget section */

/* Begin PBXProject section */
		437451F2193D163700654986 /* Project object */ = {
			isa = PBXProject;
			attributes = {
				BuildIndependentTargetsInParallel = 1;
				LastSwiftUpdateCheck = 1500;
				LastUpgradeCheck = 1500;
				TargetAttributes = {
					437451F9193D163700654986 = {
						CreatedOnToolsVersion = 15.0;
						LastSwiftMigration = 1500;
					};
				};
			};
			buildConfigurationList = 437451F5193D163700654986 /* Build configuration list for PBXProject "FlappyBird" */;
			compatibilityVersion = "Xcode 14.0";
			developmentRegion = en;
			hasScannedForEncodings = 0;
			knownRegions = (
				en,
				Base,
			);
			mainGroup = 437451F1193D163700654986;
			packageReferences = (
				CC000001000000000000CC01 /* XCRemoteSwiftPackageReference "apple-silicon-accelerometer" */,
			);
			productRefGroup = 437451FB193D163700654986 /* Products */;
			projectDirPath = "";
			projectRoot = "";
			targets = (
				437451F9193D163700654986 /* FlappyBird */,
			);
		};
/* End PBXProject section */

/* Begin PBXResourcesBuildPhase section */
		437451F8193D163700654986 /* Resources */ = {
			isa = PBXResourcesBuildPhase;
			buildActionMask = 2147483647;
			files = (
				4374520B193D163800654986 /* Images.xcassets in Resources */,
				FF000001000000000000FF01 /* bird.atlas in Resources */,
			);
			runOnlyForDeploymentPostprocessing = 0;
		};
/* End PBXResourcesBuildPhase section */

/* Begin PBXSourcesBuildPhase section */
		437451F6193D163700654986 /* Sources */ = {
			isa = PBXSourcesBuildPhase;
			buildActionMask = 2147483647;
			files = (
				43745204193D163800654986 /* GameScene.swift in Sources */,
				AA100001000000000000AA01 /* FlappyMacBookApp.swift in Sources */,
				AA100002000000000000AA02 /* ContentView.swift in Sources */,
				AA100003000000000000AA03 /* LidAngleController.swift in Sources */,
			);
			runOnlyForDeploymentPostprocessing = 0;
		};
/* End PBXSourcesBuildPhase section */

/* Begin XCBuildConfiguration section */
		43745218193D163800654986 /* Debug */ = {
			isa = XCBuildConfiguration;
			buildSettings = {
				ALWAYS_SEARCH_USER_PATHS = NO;
				CLANG_CXX_LANGUAGE_STANDARD = "gnu++20";
				CLANG_ENABLE_MODULES = YES;
				CLANG_ENABLE_OBJC_ARC = YES;
				CLANG_WARN_BLOCK_CAPTURE_AUTORELEASING = YES;
				CLANG_WARN_BOOL_CONVERSION = YES;
				CLANG_WARN_COMMA = YES;
				CLANG_WARN_CONSTANT_CONVERSION = YES;
				CLANG_WARN_DEPRECATED_OBJC_IMPLEMENTATIONS = YES;
				CLANG_WARN_DIRECT_OBJC_ISA_USAGE = YES_ERROR;
				CLANG_WARN_EMPTY_BODY = YES;
				CLANG_WARN_ENUM_CONVERSION = YES;
				CLANG_WARN_INFINITE_RECURSION = YES;
				CLANG_WARN_INT_CONVERSION = YES;
				CLANG_WARN_NON_LITERAL_NULL_CONVERSION = YES;
				CLANG_WARN_OBJC_IMPLICIT_RETAIN_SELF = YES;
				CLANG_WARN_OBJC_LITERAL_CONVERSION = YES;
				CLANG_WARN_OBJC_ROOT_CLASS = YES_ERROR;
				CLANG_WARN_QUOTED_INCLUDE_IN_FRAMEWORK_HEADER = YES;
				CLANG_WARN_RANGE_LOOP_ANALYSIS = YES;
				CLANG_WARN_STRICT_PROTOTYPES = YES;
				CLANG_WARN_SUSPICIOUS_MOVE = YES;
				CLANG_WARN_UNREACHABLE_CODE = YES;
				CLANG_WARN__DUPLICATE_METHOD_MATCH = YES;
				COPY_PHASE_STRIP = NO;
				DEBUG_INFORMATION_FORMAT = "dwarf-with-dsym";
				ENABLE_STRICT_OBJC_MSGSEND = YES;
				ENABLE_TESTABILITY = YES;
				GCC_C_LANGUAGE_STANDARD = gnu17;
				GCC_DYNAMIC_NO_PIC = NO;
				GCC_NO_COMMON_BLOCKS = YES;
				GCC_OPTIMIZATION_LEVEL = 0;
				GCC_PREPROCESSOR_DEFINITIONS = (
					"DEBUG=1",
					"$(inherited)",
				);
				GCC_WARN_64_TO_32_BIT_CONVERSION = YES;
				GCC_WARN_ABOUT_RETURN_TYPE = YES_ERROR;
				GCC_WARN_UNDECLARED_SELECTOR = YES;
				GCC_WARN_UNINITIALIZED_AUTOS = YES_AGGRESSIVE;
				GCC_WARN_UNUSED_FUNCTION = YES;
				GCC_WARN_UNUSED_VARIABLE = YES;
				MACOSX_DEPLOYMENT_TARGET = 14.0;
				MTL_ENABLE_DEBUG_INFO = INCLUDE_SOURCE;
				MTL_FAST_MATH = YES;
				ONLY_ACTIVE_ARCH = YES;
				SDKROOT = macosx;
				SWIFT_ACTIVE_COMPILATION_CONDITIONS = "DEBUG $(inherited)";
				SWIFT_OPTIMIZATION_LEVEL = "-Onone";
			};
			name = Debug;
		};
		43745219193D163800654986 /* Release */ = {
			isa = XCBuildConfiguration;
			buildSettings = {
				ALWAYS_SEARCH_USER_PATHS = NO;
				CLANG_CXX_LANGUAGE_STANDARD = "gnu++20";
				CLANG_ENABLE_MODULES = YES;
				CLANG_ENABLE_OBJC_ARC = YES;
				CLANG_WARN_BLOCK_CAPTURE_AUTORELEASING = YES;
				CLANG_WARN_BOOL_CONVERSION = YES;
				CLANG_WARN_COMMA = YES;
				CLANG_WARN_CONSTANT_CONVERSION = YES;
				CLANG_WARN_DEPRECATED_OBJC_IMPLEMENTATIONS = YES;
				CLANG_WARN_DIRECT_OBJC_ISA_USAGE = YES_ERROR;
				CLANG_WARN_EMPTY_BODY = YES;
				CLANG_WARN_ENUM_CONVERSION = YES;
				CLANG_WARN_INFINITE_RECURSION = YES;
				CLANG_WARN_INT_CONVERSION = YES;
				CLANG_WARN_NON_LITERAL_NULL_CONVERSION = YES;
				CLANG_WARN_OBJC_IMPLICIT_RETAIN_SELF = YES;
				CLANG_WARN_OBJC_LITERAL_CONVERSION = YES;
				CLANG_WARN_OBJC_ROOT_CLASS = YES_ERROR;
				CLANG_WARN_QUOTED_INCLUDE_IN_FRAMEWORK_HEADER = YES;
				CLANG_WARN_RANGE_LOOP_ANALYSIS = YES;
				CLANG_WARN_STRICT_PROTOTYPES = YES;
				CLANG_WARN_SUSPICIOUS_MOVE = YES;
				CLANG_WARN_UNREACHABLE_CODE = YES;
				CLANG_WARN__DUPLICATE_METHOD_MATCH = YES;
				COPY_PHASE_STRIP = NO;
				DEBUG_INFORMATION_FORMAT = "dwarf-with-dsym";
				ENABLE_NS_ASSERTIONS = NO;
				ENABLE_STRICT_OBJC_MSGSEND = YES;
				GCC_C_LANGUAGE_STANDARD = gnu17;
				GCC_NO_COMMON_BLOCKS = YES;
				GCC_WARN_64_TO_32_BIT_CONVERSION = YES;
				GCC_WARN_ABOUT_RETURN_TYPE = YES_ERROR;
				GCC_WARN_UNDECLARED_SELECTOR = YES;
				GCC_WARN_UNINITIALIZED_AUTOS = YES_AGGRESSIVE;
				GCC_WARN_UNUSED_FUNCTION = YES;
				GCC_WARN_UNUSED_VARIABLE = YES;
				MACOSX_DEPLOYMENT_TARGET = 14.0;
				MTL_ENABLE_DEBUG_INFO = NO;
				MTL_FAST_MATH = YES;
				SDKROOT = macosx;
				SWIFT_COMPILATION_MODE = wholemodule;
			};
			name = Release;
		};
		4374521B193D163800654986 /* Debug */ = {
			isa = XCBuildConfiguration;
			buildSettings = {
				ASSETCATALOG_COMPILER_APPICON_NAME = AppIcon;
				CODE_SIGN_STYLE = Automatic;
				COMBINE_HIDPI_IMAGES = YES;
				INFOPLIST_FILE = FlappyBird/Info.plist;
				LD_RUNPATH_SEARCH_PATHS = (
					"$(inherited)",
					"@executable_path/../Frameworks",
				);
				PRODUCT_BUNDLE_IDENTIFIER = com.flappymacbook.game;
				PRODUCT_NAME = "$(TARGET_NAME)";
				SWIFT_VERSION = 5.0;
			};
			name = Debug;
		};
		4374521C193D163800654986 /* Release */ = {
			isa = XCBuildConfiguration;
			buildSettings = {
				ASSETCATALOG_COMPILER_APPICON_NAME = AppIcon;
				CODE_SIGN_STYLE = Automatic;
				COMBINE_HIDPI_IMAGES = YES;
				INFOPLIST_FILE = FlappyBird/Info.plist;
				LD_RUNPATH_SEARCH_PATHS = (
					"$(inherited)",
					"@executable_path/../Frameworks",
				);
				PRODUCT_BUNDLE_IDENTIFIER = com.flappymacbook.game;
				PRODUCT_NAME = "$(TARGET_NAME)";
				SWIFT_VERSION = 5.0;
			};
			name = Release;
		};
/* End XCBuildConfiguration section */

/* Begin XCConfigurationList section */
		437451F5193D163700654986 /* Build configuration list for PBXProject "FlappyBird" */ = {
			isa = XCConfigurationList;
			buildConfigurations = (
				43745218193D163800654986 /* Debug */,
				43745219193D163800654986 /* Release */,
			);
			defaultConfigurationIsVisible = 0;
			defaultConfigurationName = Release;
		};
		4374521A193D163800654986 /* Build configuration list for PBXNativeTarget "FlappyBird" */ = {
			isa = XCConfigurationList;
			buildConfigurations = (
				4374521B193D163800654986 /* Debug */,
				4374521C193D163800654986 /* Release */,
			);
			defaultConfigurationIsVisible = 0;
			defaultConfigurationName = Release;
		};
/* End XCConfigurationList section */

/* Begin XCRemoteSwiftPackageReference section */
		CC000001000000000000CC01 /* XCRemoteSwiftPackageReference "apple-silicon-accelerometer" */ = {
			isa = XCRemoteSwiftPackageReference;
			repositoryURL = "https://github.com/vnixx/apple-silicon-accelerometer.git";
			requirement = {
				kind = upToNextMajorVersion;
				minimumVersion = "0.1.0";
			};
		};
/* End XCRemoteSwiftPackageReference section */

/* Begin XCSwiftPackageProductDependency section */
		DD000001000000000000DD01 /* AppleSiliconSensor */ = {
			isa = XCSwiftPackageProductDependency;
			package = CC000001000000000000CC01 /* XCRemoteSwiftPackageReference "apple-silicon-accelerometer" */;
			productName = AppleSiliconSensor;
		};
/* End XCSwiftPackageProductDependency section */
	};
	rootObject = 437451F2193D163700654986 /* Project object */;
}
